PODS:
  - Backendless (4.5.0)
  - BBBadgeBarButtonItem (1.2)
  - Kingfisher (4.8.0)
  - Pushwoosh (5.7.1)
  - ReachabilitySwift (4.1.0)
  - SimulatorStatusMagic (2.1)
  - TwitterCore (3.0.3)
  - TwitterKit (3.2.2):
    - TwitterCore (>= 3.0.3)

DEPENDENCIES:
  - Backendless (~> 4.0)
  - BBBadgeBarButtonItem
  - Kingfisher (~> 4.0)
  - Pushwoosh
  - ReachabilitySwift (~> 4.0)
  - SimulatorStatusMagic
  - TwitterCore (= 3.0.3)
  - TwitterKit (= 3.2.2)

SPEC REPOS:
  https://github.com/cocoapods/specs.git:
    - Backendless
    - BBBadgeBarButtonItem
    - Kingfisher
    - Pushwoosh
    - ReachabilitySwift
    - SimulatorStatusMagic
    - TwitterCore
    - TwitterKit

SPEC CHECKSUMS:
  Backendless: ff8d4bcc2ea7ac244f308c592634511dff38df87
  BBBadgeBarButtonItem: c2fbca0bff18e21b70defc9438a8a5048008e7ca
  Kingfisher: 976d828df2b24834c6a3f2fc4d82cdbd26552be1
  Pushwoosh: cdf31f49f8a50d47c1b03b67ad8af1e47250022e
  ReachabilitySwift: 6849231cd4e06559f3b9ef4a97a0a0f96d41e09f
  SimulatorStatusMagic: 481558caf2b9ccb2ceba2cc193728d4db3dcac07
  TwitterCore: 549c74ed5f3d6134392dc944c6d215e233e50ad8
  TwitterKit: b9feccfc70bef86fe389c06a63a72fed9f020b9c

PODFILE CHECKSUM: 3fed8e657dd8a09076ae5cc1da124fa99b92d9f0

COCOAPODS: 1.5.2
